
Microsoft Visual Studio Solution File, Format Version 12.00
# Visual Studio Version 17
VisualStudioVersion = 17.7.34031.279
MinimumVisualStudioVersion = 10.0.40219.1
Project("{888888A0-9F3D-457C-B088-3A5042F75D52}") = "Skin_Cancer_Lesion_Classification", "Skin_Cancer_Lesion_Classification.pyproj", "{9A0E8718-515A-4C22-9FD5-AE4462B3E1EE}"
EndProject
Global
	GlobalSection(SolutionConfigurationPlatforms) = preSolution
		Debug|Any CPU = Debug|Any CPU
		Release|Any CPU = Release|Any CPU
	EndGlobalSection
	GlobalSection(ProjectConfigurationPlatforms) = postSolution
		{9A0E8718-515A-4C22-9FD5-AE4462B3E1EE}.Debug|Any CPU.ActiveCfg = Debug|Any CPU
		{9A0E8718-515A-4C22-9FD5-AE4462B3E1EE}.Release|Any CPU.ActiveCfg = Release|Any CPU
	EndGlobalSection
	GlobalSection(SolutionProperties) = preSolution
		HideSolutionNode = FALSE
	EndGlobalSection
	GlobalSection(ExtensibilityGlobals) = postSolution
		SolutionGuid = {04C2CA98-0259-4D27-9333-45515B9FF338}
	EndGlobalSection
EndGlobal
